// !$*UTF8*$!
{
	archiveVersion = 1;
	classes = {
	};
	objectVersion = 77;
	objects = {

/* Begin PBXBuildFile section */
		3A2D61EA2FDF0BD30033F6F6 /* MeterState.swift in Sources */ = {isa = PBXBuildFile; fileRef = 3A2D61E92FDF0BD30033F6F6 /* MeterState.swift */; };
		3A2D61EC2FDF0BE50033F6F6 /* AudioInputMeter.swift in Sources */ = {isa = PBXBuildFile; fileRef = 3A2D61EB2FDF0BE50033F6F6 /* AudioInputMeter.swift */; };
		3A2D620D2FDF21010033F6F6 /* BMMultiLevelBiquad.c in Sources */ = {isa = PBXBuildFile; fileRef = 3A2D620C2FDF21010033F6F6 /* BMMultiLevelBiquad.c */; };
		3A2D620E2FDF21010033F6F6 /* BMMultiLevelBiquad.c in Sources */ = {isa = PBXBuildFile; fileRef = 3A2D620C2FDF21010033F6F6 /* BMMultiLevelBiquad.c */; };
		3A2D620F2FDF21010033F6F6 /* BMMultiLevelBiquad.c in Sources */ = {isa = PBXBuildFile; fileRef = 3A2D620C2FDF21010033F6F6 /* BMMultiLevelBiquad.c */; };
		3A2D62112FDF249D0033F6F6 /* AudioFilterDependencies.c in Sources */ = {isa = PBXBuildFile; fileRef = 3A2D62102FDF249D0033F6F6 /* AudioFilterDependencies.c */; };
		3A2D62142FDF26B40033F6F6 /* BMAWeightFilter.c in Sources */ = {isa = PBXBuildFile; fileRef = 3A2D62132FDF26B40033F6F6 /* BMAWeightFilter.c */; };
		3A2D62152FDF26B40033F6F6 /* BMAWeightFilter.c in Sources */ = {isa = PBXBuildFile; fileRef = 3A2D62132FDF26B40033F6F6 /* BMAWeightFilter.c */; };
		3A2D62162FDF26B40033F6F6 /* BMAWeightFilter.c in Sources */ = {isa = PBXBuildFile; fileRef = 3A2D62132FDF26B40033F6F6 /* BMAWeightFilter.c */; };
		3A95BB722FDF03C500816737 /* BMLevelMeter.c in Sources */ = {isa = PBXBuildFile; fileRef = 3A95BB712FDF03C500816737 /* BMLevelMeter.c */; };
		3A95BB732FDF03C500816737 /* BMLevelMeter.c in Sources */ = {isa = PBXBuildFile; fileRef = 3A95BB712FDF03C500816737 /* BMLevelMeter.c */; };
		3A95BB742FDF03C500816737 /* BMLevelMeter.c in Sources */ = {isa = PBXBuildFile; fileRef = 3A95BB712FDF03C500816737 /* BMLevelMeter.c */; };
		3A95BB782FDF041200816737 /* BMRMSPower.c in Sources */ = {isa = PBXBuildFile; fileRef = 3A95BB772FDF041200816737 /* BMRMSPower.c */; };
		3A95BB792FDF041200816737 /* BMRMSPower.c in Sources */ = {isa = PBXBuildFile; fileRef = 3A95BB772FDF041200816737 /* BMRMSPower.c */; };
		3A95BB7A2FDF041200816737 /* BMRMSPower.c in Sources */ = {isa = PBXBuildFile; fileRef = 3A95BB772FDF041200816737 /* BMRMSPower.c */; };
		3A95BB7D2FDF044E00816737 /* BMEnvelopeFollower.c in Sources */ = {isa = PBXBuildFile; fileRef = 3A95BB7C2FDF044E00816737 /* BMEnvelopeFollower.c */; };
		3A95BB7E2FDF044E00816737 /* BMEnvelopeFollower.c in Sources */ = {isa = PBXBuildFile; fileRef = 3A95BB7C2FDF044E00816737 /* BMEnvelopeFollower.c */; };
		3A95BB7F2FDF044E00816737 /* BMEnvelopeFollower.c in Sources */ = {isa = PBXBuildFile; fileRef = 3A95BB7C2FDF044E00816737 /* BMEnvelopeFollower.c */; };
/* End PBXBuildFile section */

/* Begin PBXContainerItemProxy section */
		3A95B5822FDEF63100816737 /* PBXContainerItemProxy */ = {
			isa = PBXContainerItemProxy;
			containerPortal = 3A95B56C2FDEF62F00816737 /* Project object */;
			proxyType = 1;
			remoteGlobalIDString = 3A95B5732FDEF62F00816737;
			remoteInfo = "Decibel Meter";
		};
		3A95B58C2FDEF63100816737 /* PBXContainerItemProxy */ = {
			isa = PBXContainerItemProxy;
			containerPortal = 3A95B56C2FDEF62F00816737 /* Project object */;
			proxyType = 1;
			remoteGlobalIDString = 3A95B5732FDEF62F00816737;
			remoteInfo = "Decibel Meter";
		};
/* End PBXContainerItemProxy section */

/* Begin PBXFileReference section */
		3A2D61E92FDF0BD30033F6F6 /* MeterState.swift */ = {isa = PBXFileReference; lastKnownFileType = sourcecode.swift; path = MeterState.swift; sourceTree = "<group>"; };
		3A2D61EB2FDF0BE50033F6F6 /* AudioInputMeter.swift */ = {isa = PBXFileReference; lastKnownFileType = sourcecode.swift; path = AudioInputMeter.swift; sourceTree = "<group>"; };
		3A2D620B2FDF21010033F6F6 /* BMMultiLevelBiquad.h */ = {isa = PBXFileReference; lastKnownFileType = sourcecode.c.h; name = BMMultiLevelBiquad.h; path = ../Submodules/AudioFiltersSubmoduleV2/AudioFilters/Filters/BMMultiLevelBiquad.h; sourceTree = "<group>"; };
		3A2D620C2FDF21010033F6F6 /* BMMultiLevelBiquad.c */ = {isa = PBXFileReference; lastKnownFileType = sourcecode.c.c; name = BMMultiLevelBiquad.c; path = ../Submodules/AudioFiltersSubmoduleV2/AudioFilters/Filters/BMMultiLevelBiquad.c; sourceTree = "<group>"; };
		3A2D62102FDF249D0033F6F6 /* AudioFilterDependencies.c */ = {isa = PBXFileReference; lastKnownFileType = sourcecode.c.c; path = AudioFilterDependencies.c; sourceTree = "<group>"; };
		3A2D62122FDF26B40033F6F6 /* BMAWeightFilter.h */ = {isa = PBXFileReference; lastKnownFileType = sourcecode.c.h; name = BMAWeightFilter.h; path = ../Submodules/AudioFiltersSubmoduleV2/AudioFilters/Filters/BMAWeightFilter.h; sourceTree = "<group>"; };
		3A2D62132FDF26B40033F6F6 /* BMAWeightFilter.c */ = {isa = PBXFileReference; lastKnownFileType = sourcecode.c.c; name = BMAWeightFilter.c; path = ../Submodules/AudioFiltersSubmoduleV2/AudioFilters/Filters/BMAWeightFilter.c; sourceTree = "<group>"; };
		3A95B5742FDEF63000816737 /* Decibel Meter.app */ = {isa = PBXFileReference; explicitFileType = wrapper.application; includeInIndex = 0; path = "Decibel Meter.app"; sourceTree = BUILT_PRODUCTS_DIR; };
		3A95B5812FDEF63100816737 /* Decibel MeterTests.xctest */ = {isa = PBXFileReference; explicitFileType = wrapper.cfbundle; includeInIndex = 0; path = "Decibel MeterTests.xctest"; sourceTree = BUILT_PRODUCTS_DIR; };
		3A95B58B2FDEF63100816737 /* Decibel MeterUITests.xctest */ = {isa = PBXFileReference; explicitFileType = wrapper.cfbundle; includeInIndex = 0; path = "Decibel MeterUITests.xctest"; sourceTree = BUILT_PRODUCTS_DIR; };
		3A95BB702FDF03C500816737 /* BMLevelMeter.h */ = {isa = PBXFileReference; lastKnownFileType = sourcecode.c.h; name = BMLevelMeter.h; path = ../Submodules/AudioFiltersSubmoduleV2/AudioFilters/Measurement/BMLevelMeter.h; sourceTree = "<group>"; };
		3A95BB712FDF03C500816737 /* BMLevelMeter.c */ = {isa = PBXFileReference; lastKnownFileType = sourcecode.c.c; name = BMLevelMeter.c; path = ../Submodules/AudioFiltersSubmoduleV2/AudioFilters/Measurement/BMLevelMeter.c; sourceTree = "<group>"; };
		3A95BB762FDF041200816737 /* BMRMSPower.h */ = {isa = PBXFileReference; lastKnownFileType = sourcecode.c.h; name = BMRMSPower.h; path = ../Submodules/AudioFiltersSubmoduleV2/AudioFilters/Measurement/BMRMSPower.h; sourceTree = "<group>"; };
		3A95BB772FDF041200816737 /* BMRMSPower.c */ = {isa = PBXFileReference; lastKnownFileType = sourcecode.c.c; name = BMRMSPower.c; path = ../Submodules/AudioFiltersSubmoduleV2/AudioFilters/Measurement/BMRMSPower.c; sourceTree = "<group>"; };
		3A95BB7B2FDF044E00816737 /* BMEnvelopeFollower.h */ = {isa = PBXFileReference; lastKnownFileType = sourcecode.c.h; name = BMEnvelopeFollower.h; path = ../Submodules/AudioFiltersSubmoduleV2/AudioFilters/NonlinearGain/BMEnvelopeFollower.h; sourceTree = "<group>"; };
		3A95BB7C2FDF044E00816737 /* BMEnvelopeFollower.c */ = {isa = PBXFileReference; lastKnownFileType = sourcecode.c.c; name = BMEnvelopeFollower.c; path = ../Submodules/AudioFiltersSubmoduleV2/AudioFilters/NonlinearGain/BMEnvelopeFollower.c; sourceTree = "<group>"; };
/* End PBXFileReference section */

/* Begin PBXFileSystemSynchronizedRootGroup section */
		3A95B5762FDEF63000816737 /* Decibel Meter */ = {
			isa = PBXFileSystemSynchronizedRootGroup;
			path = "Decibel Meter";
			sourceTree = "<group>";
		};
		3A95B5842FDEF63100816737 /* Decibel MeterTests */ = {
			isa = PBXFileSystemSynchronizedRootGroup;
			path = "Decibel MeterTests";
			sourceTree = "<group>";
		};
		3A95B58E2FDEF63100816737 /* Decibel MeterUITests */ = {
			isa = PBXFileSystemSynchronizedRootGroup;
			path = "Decibel MeterUITests";
			sourceTree = "<group>";
		};
/* End PBXFileSystemSynchronizedRootGroup section */

/* Begin PBXFrameworksBuildPhase section */
		3A95B5712FDEF62F00816737 /* Frameworks */ = {
			isa = PBXFrameworksBuildPhase;
			buildActionMask = 2147483647;
			files = (
			);
			runOnlyForDeploymentPostprocessing = 0;
		};
		3A95B57E2FDEF63100816737 /* Frameworks */ = {
			isa = PBXFrameworksBuildPhase;
			buildActionMask = 2147483647;
			files = (
			);
			runOnlyForDeploymentPostprocessing = 0;
		};
		3A95B5882FDEF63100816737 /* Frameworks */ = {
			isa = PBXFrameworksBuildPhase;
			buildActionMask = 2147483647;
			files = (
			);
			runOnlyForDeploymentPostprocessing = 0;
		};
/* End PBXFrameworksBuildPhase section */

/* Begin PBXGroup section */
		3A95B56B2FDEF62F00816737 = {
			isa = PBXGroup;
			children = (
				3A95BB752FDF03D700816737 /* Audio Filters */,
				3A95B5762FDEF63000816737 /* Decibel Meter */,
				3A95B5842FDEF63100816737 /* Decibel MeterTests */,
				3A95B58E2FDEF63100816737 /* Decibel MeterUITests */,
				3A95B5752FDEF63000816737 /* Products */,
				3A2D61E92FDF0BD30033F6F6 /* MeterState.swift */,
				3A2D61EB2FDF0BE50033F6F6 /* AudioInputMeter.swift */,
				3A2D62102FDF249D0033F6F6 /* AudioFilterDependencies.c */,
			);
			sourceTree = "<group>";
		};
		3A95B5752FDEF63000816737 /* Products */ = {
			isa = PBXGroup;
			children = (
				3A95B5742FDEF63000816737 /* Decibel Meter.app */,
				3A95B5812FDEF63100816737 /* Decibel MeterTests.xctest */,
				3A95B58B2FDEF63100816737 /* Decibel MeterUITests.xctest */,
			);
			name = Products;
			sourceTree = "<group>";
		};
		3A95BB752FDF03D700816737 /* Audio Filters */ = {
			isa = PBXGroup;
			children = (
				3A95BB702FDF03C500816737 /* BMLevelMeter.h */,
				3A95BB712FDF03C500816737 /* BMLevelMeter.c */,
				3A95BB762FDF041200816737 /* BMRMSPower.h */,
				3A95BB772FDF041200816737 /* BMRMSPower.c */,
				3A95BB7B2FDF044E00816737 /* BMEnvelopeFollower.h */,
				3A95BB7C2FDF044E00816737 /* BMEnvelopeFollower.c */,
				3A2D620B2FDF21010033F6F6 /* BMMultiLevelBiquad.h */,
				3A2D620C2FDF21010033F6F6 /* BMMultiLevelBiquad.c */,
				3A2D62122FDF26B40033F6F6 /* BMAWeightFilter.h */,
				3A2D62132FDF26B40033F6F6 /* BMAWeightFilter.c */,
			);
			path = "Audio Filters";
			sourceTree = "<group>";
		};
/* End PBXGroup section */

/* Begin PBXNativeTarget section */
		3A95B5732FDEF62F00816737 /* Decibel Meter */ = {
			isa = PBXNativeTarget;
			buildConfigurationList = 3A95B5952FDEF63100816737 /* Build configuration list for PBXNativeTarget "Decibel Meter" */;
			buildPhases = (
				3A95B5702FDEF62F00816737 /* Sources */,
				3A95B5712FDEF62F00816737 /* Frameworks */,
				3A95B5722FDEF62F00816737 /* Resources */,
			);
			buildRules = (
			);
			dependencies = (
			);
			fileSystemSynchronizedGroups = (
				3A95B5762FDEF63000816737 /* Decibel Meter */,
			);
			name = "Decibel Meter";
			packageProductDependencies = (
			);
			productName = "Decibel Meter";
			productReference = 3A95B5742FDEF63000816737 /* Decibel Meter.app */;
			productType = "com.apple.product-type.application";
		};
		3A95B5802FDEF63100816737 /* Decibel MeterTests */ = {
			isa = PBXNativeTarget;
			buildConfigurationList = 3A95B5982FDEF63100816737 /* Build configuration list for PBXNativeTarget "Decibel MeterTests" */;
			buildPhases = (
				3A95B57D2FDEF63100816737 /* Sources */,
				3A95B57E2FDEF63100816737 /* Frameworks */,
				3A95B57F2FDEF63100816737 /* Resources */,
			);
			buildRules = (
			);
			dependencies = (
				3A95B5832FDEF63100816737 /* PBXTargetDependency */,
			);
			fileSystemSynchronizedGroups = (
				3A95B5842FDEF63100816737 /* Decibel MeterTests */,
			);
			name = "Decibel MeterTests";
			packageProductDependencies = (
			);
			productName = "Decibel MeterTests";
			productReference = 3A95B5812FDEF63100816737 /* Decibel MeterTests.xctest */;
			productType = "com.apple.product-type.bundle.unit-test";
		};
		3A95B58A2FDEF63100816737 /* Decibel MeterUITests */ = {
			isa = PBXNativeTarget;
			buildConfigurationList = 3A95B59B2FDEF63100816737 /* Build configuration list for PBXNativeTarget "Decibel MeterUITests" */;
			buildPhases = (
				3A95B5872FDEF63100816737 /* Sources */,
				3A95B5882FDEF63100816737 /* Frameworks */,
				3A95B5892FDEF63100816737 /* Resources */,
			);
			buildRules = (
			);
			dependencies = (
				3A95B58D2FDEF63100816737 /* PBXTargetDependency */,
			);
			fileSystemSynchronizedGroups = (
				3A95B58E2FDEF63100816737 /* Decibel MeterUITests */,
			);
			name = "Decibel MeterUITests";
			packageProductDependencies = (
			);
			productName = "Decibel MeterUITests";
			productReference = 3A95B58B2FDEF63100816737 /* Decibel MeterUITests.xctest */;
			productType = "com.apple.product-type.bundle.ui-testing";
		};
/* End PBXNativeTarget section */

/* Begin PBXProject section */
		3A95B56C2FDEF62F00816737 /* Project object */ = {
			isa = PBXProject;
			attributes = {
				BuildIndependentTargetsInParallel = 1;
				LastSwiftUpdateCheck = 2650;
				LastUpgradeCheck = 2650;
				TargetAttributes = {
					3A95B5732FDEF62F00816737 = {
						CreatedOnToolsVersion = 26.5;
						LastSwiftMigration = 2650;
					};
					3A95B5802FDEF63100816737 = {
						CreatedOnToolsVersion = 26.5;
						LastSwiftMigration = 2650;
						TestTargetID = 3A95B5732FDEF62F00816737;
					};
					3A95B58A2FDEF63100816737 = {
						CreatedOnToolsVersion = 26.5;
						LastSwiftMigration = 2650;
						TestTargetID = 3A95B5732FDEF62F00816737;
					};
				};
			};
			buildConfigurationList = 3A95B56F2FDEF62F00816737 /* Build configuration list for PBXProject "Decibel Meter" */;
			developmentRegion = en;
			hasScannedForEncodings = 0;
			knownRegions = (
				en,
				Base,
			);
			mainGroup = 3A95B56B2FDEF62F00816737;
			minimizedProjectReferenceProxies = 1;
			preferredProjectObjectVersion = 77;
			productRefGroup = 3A95B5752FDEF63000816737 /* Products */;
			projectDirPath = "";
			projectRoot = "";
			targets = (
				3A95B5732FDEF62F00816737 /* Decibel Meter */,
				3A95B5802FDEF63100816737 /* Decibel MeterTests */,
				3A95B58A2FDEF63100816737 /* Decibel MeterUITests */,
			);
		};
/* End PBXProject section */

/* Begin PBXResourcesBuildPhase section */
		3A95B5722FDEF62F00816737 /* Resources */ = {
			isa = PBXResourcesBuildPhase;
			buildActionMask = 2147483647;
			files = (
			);
			runOnlyForDeploymentPostprocessing = 0;
		};
		3A95B57F2FDEF63100816737 /* Resources */ = {
			isa = PBXResourcesBuildPhase;
			buildActionMask = 2147483647;
			files = (
			);
			runOnlyForDeploymentPostprocessing = 0;
		};
		3A95B5892FDEF63100816737 /* Resources */ = {
			isa = PBXResourcesBuildPhase;
			buildActionMask = 2147483647;
			files = (
			);
			runOnlyForDeploymentPostprocessing = 0;
		};
/* End PBXResourcesBuildPhase section */

/* Begin PBXSourcesBuildPhase section */
		3A95B5702FDEF62F00816737 /* Sources */ = {
			isa = PBXSourcesBuildPhase;
			buildActionMask = 2147483647;
			files = (
				3A95BB7F2FDF044E00816737 /* BMEnvelopeFollower.c in Sources */,
				3A95BB782FDF041200816737 /* BMRMSPower.c in Sources */,
				3A2D620E2FDF21010033F6F6 /* BMMultiLevelBiquad.c in Sources */,
				3A2D61EA2FDF0BD30033F6F6 /* MeterState.swift in Sources */,
				3A95BB722FDF03C500816737 /* BMLevelMeter.c in Sources */,
				3A2D61EC2FDF0BE50033F6F6 /* AudioInputMeter.swift in Sources */,
				3A2D62112FDF249D0033F6F6 /* AudioFilterDependencies.c in Sources */,
				3A2D62162FDF26B40033F6F6 /* BMAWeightFilter.c in Sources */,
			);
			runOnlyForDeploymentPostprocessing = 0;
		};
		3A95B57D2FDEF63100816737 /* Sources */ = {
			isa = PBXSourcesBuildPhase;
			buildActionMask = 2147483647;
			files = (
				3A95BB7D2FDF044E00816737 /* BMEnvelopeFollower.c in Sources */,
				3A95BB792FDF041200816737 /* BMRMSPower.c in Sources */,
				3A2D62142FDF26B40033F6F6 /* BMAWeightFilter.c in Sources */,
				3A2D620D2FDF21010033F6F6 /* BMMultiLevelBiquad.c in Sources */,
				3A95BB742FDF03C500816737 /* BMLevelMeter.c in Sources */,
			);
			runOnlyForDeploymentPostprocessing = 0;
		};
		3A95B5872FDEF63100816737 /* Sources */ = {
			isa = PBXSourcesBuildPhase;
			buildActionMask = 2147483647;
			files = (
				3A95BB7E2FDF044E00816737 /* BMEnvelopeFollower.c in Sources */,
				3A2D62152FDF26B40033F6F6 /* BMAWeightFilter.c in Sources */,
				3A2D620F2FDF21010033F6F6 /* BMMultiLevelBiquad.c in Sources */,
				3A95BB732FDF03C500816737 /* BMLevelMeter.c in Sources */,
				3A95BB7A2FDF041200816737 /* BMRMSPower.c in Sources */,
			);
			runOnlyForDeploymentPostprocessing = 0;
		};
/* End PBXSourcesBuildPhase section */

/* Begin PBXTargetDependency section */
		3A95B5832FDEF63100816737 /* PBXTargetDependency */ = {
			isa = PBXTargetDependency;
			target = 3A95B5732FDEF62F00816737 /* Decibel Meter */;
			targetProxy = 3A95B5822FDEF63100816737 /* PBXContainerItemProxy */;
		};
		3A95B58D2FDEF63100816737 /* PBXTargetDependency */ = {
			isa = PBXTargetDependency;
			target = 3A95B5732FDEF62F00816737 /* Decibel Meter */;
			targetProxy = 3A95B58C2FDEF63100816737 /* PBXContainerItemProxy */;
		};
/* End PBXTargetDependency section */

/* Begin XCBuildConfiguration section */
		3A95B5932FDEF63100816737 /* Debug */ = {
			isa = XCBuildConfiguration;
			buildSettings = {
				ALWAYS_SEARCH_USER_PATHS = NO;
				ASSETCATALOG_COMPILER_GENERATE_SWIFT_ASSET_SYMBOL_EXTENSIONS = YES;
				CLANG_ANALYZER_NONNULL = YES;
				CLANG_ANALYZER_NUMBER_OBJECT_CONVERSION = YES_AGGRESSIVE;
				CLANG_CXX_LANGUAGE_STANDARD = "gnu++20";
				CLANG_ENABLE_MODULES = YES;
				CLANG_ENABLE_OBJC_ARC = YES;
				CLANG_ENABLE_OBJC_WEAK = YES;
				CLANG_WARN_BLOCK_CAPTURE_AUTORELEASING = YES;
				CLANG_WARN_BOOL_CONVERSION = YES;
				CLANG_WARN_COMMA = YES;
				CLANG_WARN_CONSTANT_CONVERSION = YES;
				CLANG_WARN_DEPRECATED_OBJC_IMPLEMENTATIONS = YES;
				CLANG_WARN_DIRECT_OBJC_ISA_USAGE = YES_ERROR;
				CLANG_WARN_DOCUMENTATION_COMMENTS = YES;
				CLANG_WARN_EMPTY_BODY = YES;
				CLANG_WARN_ENUM_CONVERSION = YES;
				CLANG_WARN_INFINITE_RECURSION = YES;
				CLANG_WARN_INT_CONVERSION = YES;
				CLANG_WARN_NON_LITERAL_NULL_CONVERSION = YES;
				CLANG_WARN_OBJC_IMPLICIT_RETAIN_SELF = YES;
				CLANG_WARN_OBJC_LITERAL_CONVERSION = YES;
				CLANG_WARN_OBJC_ROOT_CLASS = YES_ERROR;
				CLANG_WARN_QUOTED_INCLUDE_IN_FRAMEWORK_HEADER = YES;
				CLANG_WARN_RANGE_LOOP_ANALYSIS = YES;
				CLANG_WARN_STRICT_PROTOTYPES = YES;
				CLANG_WARN_SUSPICIOUS_MOVE = YES;
				CLANG_WARN_UNGUARDED_AVAILABILITY = YES_AGGRESSIVE;
				CLANG_WARN_UNREACHABLE_CODE = YES;
				CLANG_WARN__DUPLICATE_METHOD_MATCH = YES;
				COPY_PHASE_STRIP = NO;
				DEBUG_INFORMATION_FORMAT = dwarf;
				DEVELOPMENT_TEAM = 35L7UAXBWS;
				ENABLE_STRICT_OBJC_MSGSEND = YES;
				ENABLE_TESTABILITY = YES;
				ENABLE_USER_SCRIPT_SANDBOXING = YES;
				GCC_C_LANGUAGE_STANDARD = gnu17;
				GCC_DYNAMIC_NO_PIC = NO;
				GCC_NO_COMMON_BLOCKS = YES;
				GCC_OPTIMIZATION_LEVEL = 0;
				GCC_PREPROCESSOR_DEFINITIONS = (
					"DEBUG=1",
					"$(inherited)",
				);
				GCC_WARN_64_TO_32_BIT_CONVERSION = YES;
				GCC_WARN_ABOUT_RETURN_TYPE = YES_ERROR;
				GCC_WARN_UNDECLARED_SELECTOR = YES;
				GCC_WARN_UNINITIALIZED_AUTOS = YES_AGGRESSIVE;
				GCC_WARN_UNUSED_FUNCTION = YES;
				GCC_WARN_UNUSED_VARIABLE = YES;
				LOCALIZATION_PREFERS_STRING_CATALOGS = YES;
				MACOSX_DEPLOYMENT_TARGET = 26.5;
				MTL_ENABLE_DEBUG_INFO = INCLUDE_SOURCE;
				MTL_FAST_MATH = YES;
				ONLY_ACTIVE_ARCH = YES;
				SDKROOT = macosx;
				SWIFT_ACTIVE_COMPILATION_CONDITIONS = "DEBUG $(inherited)";
				SWIFT_OPTIMIZATION_LEVEL = "-Onone";
			};
			name = Debug;
		};
		3A95B5942FDEF63100816737 /* Release */ = {
			isa = XCBuildConfiguration;
			buildSettings = {
				ALWAYS_SEARCH_USER_PATHS = NO;
				ASSETCATALOG_COMPILER_GENERATE_SWIFT_ASSET_SYMBOL_EXTENSIONS = YES;
				CLANG_ANALYZER_NONNULL = YES;
				CLANG_ANALYZER_NUMBER_OBJECT_CONVERSION = YES_AGGRESSIVE;
				CLANG_CXX_LANGUAGE_STANDARD = "gnu++20";
				CLANG_ENABLE_MODULES = YES;
				CLANG_ENABLE_OBJC_ARC = YES;
				CLANG_ENABLE_OBJC_WEAK = YES;
				CLANG_WARN_BLOCK_CAPTURE_AUTORELEASING = YES;
				CLANG_WARN_BOOL_CONVERSION = YES;
				CLANG_WARN_COMMA = YES;
				CLANG_WARN_CONSTANT_CONVERSION = YES;
				CLANG_WARN_DEPRECATED_OBJC_IMPLEMENTATIONS = YES;
				CLANG_WARN_DIRECT_OBJC_ISA_USAGE = YES_ERROR;
				CLANG_WARN_DOCUMENTATION_COMMENTS = YES;
				CLANG_WARN_EMPTY_BODY = YES;
				CLANG_WARN_ENUM_CONVERSION = YES;
				CLANG_WARN_INFINITE_RECURSION = YES;
				CLANG_WARN_INT_CONVERSION = YES;
				CLANG_WARN_NON_LITERAL_NULL_CONVERSION = YES;
				CLANG_WARN_OBJC_IMPLICIT_RETAIN_SELF = YES;
				CLANG_WARN_OBJC_LITERAL_CONVERSION = YES;
				CLANG_WARN_OBJC_ROOT_CLASS = YES_ERROR;
				CLANG_WARN_QUOTED_INCLUDE_IN_FRAMEWORK_HEADER = YES;
				CLANG_WARN_RANGE_LOOP_ANALYSIS = YES;
				CLANG_WARN_STRICT_PROTOTYPES = YES;
				CLANG_WARN_SUSPICIOUS_MOVE = YES;
				CLANG_WARN_UNGUARDED_AVAILABILITY = YES_AGGRESSIVE;
				CLANG_WARN_UNREACHABLE_CODE = YES;
				CLANG_WARN__DUPLICATE_METHOD_MATCH = YES;
				COPY_PHASE_STRIP = NO;
				DEBUG_INFORMATION_FORMAT = "dwarf-with-dsym";
				DEVELOPMENT_TEAM = 35L7UAXBWS;
				ENABLE_NS_ASSERTIONS = NO;
				ENABLE_STRICT_OBJC_MSGSEND = YES;
				ENABLE_USER_SCRIPT_SANDBOXING = YES;
				GCC_C_LANGUAGE_STANDARD = gnu17;
				GCC_NO_COMMON_BLOCKS = YES;
				GCC_WARN_64_TO_32_BIT_CONVERSION = YES;
				GCC_WARN_ABOUT_RETURN_TYPE = YES_ERROR;
				GCC_WARN_UNDECLARED_SELECTOR = YES;
				GCC_WARN_UNINITIALIZED_AUTOS = YES_AGGRESSIVE;
				GCC_WARN_UNUSED_FUNCTION = YES;
				GCC_WARN_UNUSED_VARIABLE = YES;
				LOCALIZATION_PREFERS_STRING_CATALOGS = YES;
				MACOSX_DEPLOYMENT_TARGET = 26.5;
				MTL_ENABLE_DEBUG_INFO = NO;
				MTL_FAST_MATH = YES;
				SDKROOT = macosx;
				SWIFT_COMPILATION_MODE = wholemodule;
			};
			name = Release;
		};
		3A95B5962FDEF63100816737 /* Debug */ = {
			isa = XCBuildConfiguration;
			buildSettings = {
				ASSETCATALOG_COMPILER_APPICON_NAME = AppIcon;
				ASSETCATALOG_COMPILER_GLOBAL_ACCENT_COLOR_NAME = AccentColor;
				CLANG_ENABLE_MODULES = YES;
				CODE_SIGN_STYLE = Automatic;
				COMBINE_HIDPI_IMAGES = YES;
				CURRENT_PROJECT_VERSION = 1;
				DEVELOPMENT_TEAM = 35L7UAXBWS;
				ENABLE_APP_SANDBOX = YES;
				ENABLE_HARDENED_RUNTIME = YES;
				ENABLE_INCOMING_NETWORK_CONNECTIONS = NO;
				ENABLE_OUTGOING_NETWORK_CONNECTIONS = NO;
				ENABLE_PREVIEWS = YES;
				ENABLE_RESOURCE_ACCESS_AUDIO_INPUT = YES;
				ENABLE_RESOURCE_ACCESS_BLUETOOTH = NO;
				ENABLE_RESOURCE_ACCESS_CALENDARS = NO;
				ENABLE_RESOURCE_ACCESS_CAMERA = NO;
				ENABLE_RESOURCE_ACCESS_CONTACTS = NO;
				ENABLE_RESOURCE_ACCESS_LOCATION = NO;
				ENABLE_RESOURCE_ACCESS_PRINTING = NO;
				ENABLE_RESOURCE_ACCESS_USB = NO;
				ENABLE_USER_SELECTED_FILES = readonly;
				GENERATE_INFOPLIST_FILE = YES;
				HEADER_SEARCH_PATHS = "$(PROJECT_DIR)/Submodules/AudioFiltersSubmoduleV2/AudioFilters/**";
				INFOPLIST_KEY_NSHumanReadableCopyright = "";
				INFOPLIST_KEY_NSMicrophoneUsageDescription = "Measures sound volume level";
				LD_RUNPATH_SEARCH_PATHS = (
					"$(inherited)",
					"@executable_path/../Frameworks",
				);
				MARKETING_VERSION = 1.0;
				PRODUCT_BUNDLE_IDENTIFIER = "BlueMangoo.Decibel-Meter";
				PRODUCT_NAME = "$(TARGET_NAME)";
				REGISTER_APP_GROUPS = YES;
				STRING_CATALOG_GENERATE_SYMBOLS = YES;
				SWIFT_APPROACHABLE_CONCURRENCY = YES;
				SWIFT_DEFAULT_ACTOR_ISOLATION = MainActor;
				SWIFT_EMIT_LOC_STRINGS = YES;
				SWIFT_OBJC_BRIDGING_HEADER = "Decibel Meter/Decibel Meter-Bridging-Header.h";
				SWIFT_OPTIMIZATION_LEVEL = "-Onone";
				SWIFT_UPCOMING_FEATURE_MEMBER_IMPORT_VISIBILITY = YES;
				SWIFT_VERSION = 5.0;
			};
			name = Debug;
		};
		3A95B5972FDEF63100816737 /* Release */ = {
			isa = XCBuildConfiguration;
			buildSettings = {
				ASSETCATALOG_COMPILER_APPICON_NAME = AppIcon;
				ASSETCATALOG_COMPILER_GLOBAL_ACCENT_COLOR_NAME = AccentColor;
				CLANG_ENABLE_MODULES = YES;
				CODE_SIGN_STYLE = Automatic;
				COMBINE_HIDPI_IMAGES = YES;
				CURRENT_PROJECT_VERSION = 1;
				DEVELOPMENT_TEAM = 35L7UAXBWS;
				ENABLE_APP_SANDBOX = YES;
				ENABLE_HARDENED_RUNTIME = YES;
				ENABLE_INCOMING_NETWORK_CONNECTIONS = NO;
				ENABLE_OUTGOING_NETWORK_CONNECTIONS = NO;
				ENABLE_PREVIEWS = YES;
				ENABLE_RESOURCE_ACCESS_AUDIO_INPUT = YES;
				ENABLE_RESOURCE_ACCESS_BLUETOOTH = NO;
				ENABLE_RESOURCE_ACCESS_CALENDARS = NO;
				ENABLE_RESOURCE_ACCESS_CAMERA = NO;
				ENABLE_RESOURCE_ACCESS_CONTACTS = NO;
				ENABLE_RESOURCE_ACCESS_LOCATION = NO;
				ENABLE_RESOURCE_ACCESS_PRINTING = NO;
				ENABLE_RESOURCE_ACCESS_USB = NO;
				ENABLE_USER_SELECTED_FILES = readonly;
				GENERATE_INFOPLIST_FILE = YES;
				HEADER_SEARCH_PATHS = "$(PROJECT_DIR)/Submodules/AudioFiltersSubmoduleV2/AudioFilters/**";
				INFOPLIST_KEY_NSHumanReadableCopyright = "";
				INFOPLIST_KEY_NSMicrophoneUsageDescription = "Measures sound volume level";
				LD_RUNPATH_SEARCH_PATHS = (
					"$(inherited)",
					"@executable_path/../Frameworks",
				);
				MARKETING_VERSION = 1.0;
				PRODUCT_BUNDLE_IDENTIFIER = "BlueMangoo.Decibel-Meter";
				PRODUCT_NAME = "$(TARGET_NAME)";
				REGISTER_APP_GROUPS = YES;
				STRING_CATALOG_GENERATE_SYMBOLS = YES;
				SWIFT_APPROACHABLE_CONCURRENCY = YES;
				SWIFT_DEFAULT_ACTOR_ISOLATION = MainActor;
				SWIFT_EMIT_LOC_STRINGS = YES;
				SWIFT_OBJC_BRIDGING_HEADER = "Decibel Meter/Decibel Meter-Bridging-Header.h";
				SWIFT_UPCOMING_FEATURE_MEMBER_IMPORT_VISIBILITY = YES;
				SWIFT_VERSION = 5.0;
			};
			name = Release;
		};
		3A95B5992FDEF63100816737 /* Debug */ = {
			isa = XCBuildConfiguration;
			buildSettings = {
				BUNDLE_LOADER = "$(TEST_HOST)";
				CLANG_ENABLE_MODULES = YES;
				CODE_SIGN_STYLE = Automatic;
				CURRENT_PROJECT_VERSION = 1;
				DEVELOPMENT_TEAM = 35L7UAXBWS;
				GENERATE_INFOPLIST_FILE = YES;
				MACOSX_DEPLOYMENT_TARGET = 26.5;
				MARKETING_VERSION = 1.0;
				PRODUCT_BUNDLE_IDENTIFIER = "BlueMangoo.Decibel-MeterTests";
				PRODUCT_NAME = "$(TARGET_NAME)";
				STRING_CATALOG_GENERATE_SYMBOLS = NO;
				SWIFT_APPROACHABLE_CONCURRENCY = YES;
				SWIFT_EMIT_LOC_STRINGS = NO;
				SWIFT_OPTIMIZATION_LEVEL = "-Onone";
				SWIFT_UPCOMING_FEATURE_MEMBER_IMPORT_VISIBILITY = YES;
				SWIFT_VERSION = 5.0;
				TEST_HOST = "$(BUILT_PRODUCTS_DIR)/Decibel Meter.app/$(BUNDLE_EXECUTABLE_FOLDER_PATH)/Decibel Meter";
			};
			name = Debug;
		};
		3A95B59A2FDEF63100816737 /* Release */ = {
			isa = XCBuildConfiguration;
			buildSettings = {
				BUNDLE_LOADER = "$(TEST_HOST)";
				CLANG_ENABLE_MODULES = YES;
				CODE_SIGN_STYLE = Automatic;
				CURRENT_PROJECT_VERSION = 1;
				DEVELOPMENT_TEAM = 35L7UAXBWS;
				GENERATE_INFOPLIST_FILE = YES;
				MACOSX_DEPLOYMENT_TARGET = 26.5;
				MARKETING_VERSION = 1.0;
				PRODUCT_BUNDLE_IDENTIFIER = "BlueMangoo.Decibel-MeterTests";
				PRODUCT_NAME = "$(TARGET_NAME)";
				STRING_CATALOG_GENERATE_SYMBOLS = NO;
				SWIFT_APPROACHABLE_CONCURRENCY = YES;
				SWIFT_EMIT_LOC_STRINGS = NO;
				SWIFT_UPCOMING_FEATURE_MEMBER_IMPORT_VISIBILITY = YES;
				SWIFT_VERSION = 5.0;
				TEST_HOST = "$(BUILT_PRODUCTS_DIR)/Decibel Meter.app/$(BUNDLE_EXECUTABLE_FOLDER_PATH)/Decibel Meter";
			};
			name = Release;
		};
		3A95B59C2FDEF63100816737 /* Debug */ = {
			isa = XCBuildConfiguration;
			buildSettings = {
				CLANG_ENABLE_MODULES = YES;
				CODE_SIGN_STYLE = Automatic;
				CURRENT_PROJECT_VERSION = 1;
				DEVELOPMENT_TEAM = 35L7UAXBWS;
				GENERATE_INFOPLIST_FILE = YES;
				MARKETING_VERSION = 1.0;
				PRODUCT_BUNDLE_IDENTIFIER = "BlueMangoo.Decibel-MeterUITests";
				PRODUCT_NAME = "$(TARGET_NAME)";
				STRING_CATALOG_GENERATE_SYMBOLS = NO;
				SWIFT_APPROACHABLE_CONCURRENCY = YES;
				SWIFT_EMIT_LOC_STRINGS = NO;
				SWIFT_OPTIMIZATION_LEVEL = "-Onone";
				SWIFT_UPCOMING_FEATURE_MEMBER_IMPORT_VISIBILITY = YES;
				SWIFT_VERSION = 5.0;
				TEST_TARGET_NAME = "Decibel Meter";
			};
			name = Debug;
		};
		3A95B59D2FDEF63100816737 /* Release */ = {
			isa = XCBuildConfiguration;
			buildSettings = {
				CLANG_ENABLE_MODULES = YES;
				CODE_SIGN_STYLE = Automatic;
				CURRENT_PROJECT_VERSION = 1;
				DEVELOPMENT_TEAM = 35L7UAXBWS;
				GENERATE_INFOPLIST_FILE = YES;
				MARKETING_VERSION = 1.0;
				PRODUCT_BUNDLE_IDENTIFIER = "BlueMangoo.Decibel-MeterUITests";
				PRODUCT_NAME = "$(TARGET_NAME)";
				STRING_CATALOG_GENERATE_SYMBOLS = NO;
				SWIFT_APPROACHABLE_CONCURRENCY = YES;
				SWIFT_EMIT_LOC_STRINGS = NO;
				SWIFT_UPCOMING_FEATURE_MEMBER_IMPORT_VISIBILITY = YES;
				SWIFT_VERSION = 5.0;
				TEST_TARGET_NAME = "Decibel Meter";
			};
			name = Release;
		};
/* End XCBuildConfiguration section */

/* Begin XCConfigurationList section */
		3A95B56F2FDEF62F00816737 /* Build configuration list for PBXProject "Decibel Meter" */ = {
			isa = XCConfigurationList;
			buildConfigurations = (
				3A95B5932FDEF63100816737 /* Debug */,
				3A95B5942FDEF63100816737 /* Release */,
			);
			defaultConfigurationIsVisible = 0;
			defaultConfigurationName = Release;
		};
		3A95B5952FDEF63100816737 /* Build configuration list for PBXNativeTarget "Decibel Meter" */ = {
			isa = XCConfigurationList;
			buildConfigurations = (
				3A95B5962FDEF63100816737 /* Debug */,
				3A95B5972FDEF63100816737 /* Release */,
			);
			defaultConfigurationIsVisible = 0;
			defaultConfigurationName = Release;
		};
		3A95B5982FDEF63100816737 /* Build configuration list for PBXNativeTarget "Decibel MeterTests" */ = {
			isa = XCConfigurationList;
			buildConfigurations = (
				3A95B5992FDEF63100816737 /* Debug */,
				3A95B59A2FDEF63100816737 /* Release */,
			);
			defaultConfigurationIsVisible = 0;
			defaultConfigurationName = Release;
		};
		3A95B59B2FDEF63100816737 /* Build configuration list for PBXNativeTarget "Decibel MeterUITests" */ = {
			isa = XCConfigurationList;
			buildConfigurations = (
				3A95B59C2FDEF63100816737 /* Debug */,
				3A95B59D2FDEF63100816737 /* Release */,
			);
			defaultConfigurationIsVisible = 0;
			defaultConfigurationName = Release;
		};
/* End XCConfigurationList section */
	};
	rootObject = 3A95B56C2FDEF62F00816737 /* Project object */;
}
